
Microsoft Visual Studio Solution File, Format Version 12.00
# Visual Studio Version 17
VisualStudioVersion = 17.11.35431.28
MinimumVisualStudioVersion = 10.0.40219.1
Project("{2150E333-8FDC-42A3-9474-1A3956D46DE8}") = "Task0", "Task0", "{A8350E7D-FD44-4F2A-B3D2-18198CC96750}"
EndProject
Project("{2150E333-8FDC-42A3-9474-1A3956D46DE8}") = "Task2", "Task2", "{41367592-D976-45D4-BB1B-D8EE9F270051}"
EndProject
Project("{2150E333-8FDC-42A3-9474-1A3956D46DE8}") = "Task3", "Task3", "{3F3823B7-4D66-401E-9A23-8AB507009AD6}"
EndProject
Project("{2150E333-8FDC-42A3-9474-1A3956D46DE8}") = "Task4", "Task4", "{2140E918-3D06-4615-996E-8AA8CB687099}"
EndProject
Project("{2150E333-8FDC-42A3-9474-1A3956D46DE8}") = "Task5", "Task5", "{D64DF686-3943-4987-A7A2-C2427486467C}"
EndProject
Project("{2150E333-8FDC-42A3-9474-1A3956D46DE8}") = "Task6", "Task6", "{395AC401-85BD-4FF5-8571-2FACC3C4E754}"
EndProject
Project("{2150E333-8FDC-42A3-9474-1A3956D46DE8}") = "Task7", "Task7", "{D8F8699B-31BE-416D-BF8D-2A8CD2E6620F}"
EndProject
Project("{9A19103F-16F7-4668-BE54-9A1E7A4F7556}") = "ConsoleApp1", "ConsoleApp1\ConsoleApp1.csproj", "{B2B21462-AD99-4E44-A867-3D989A9C5AB8}"
EndProject
Project("{9A19103F-16F7-4668-BE54-9A1E7A4F7556}") = "Tyuiu.OvsepyanAA.Sprint4.Task0.V4", "Tyuiu.OvsepyanAA.Sprint4.Task0.V4\Tyuiu.OvsepyanAA.Sprint4.Task0.V4.csproj", "{10CFC277-1F77-4617-9863-6547090C79BE}"
EndProject
Project("{9A19103F-16F7-4668-BE54-9A1E7A4F7556}") = "Tyuiu.OvsepyanAA.Sprint4.Task0.V4.Lib", "Tyuiu.OvsepyanAA.Sprint4.Task0.V4.Lib\Tyuiu.OvsepyanAA.Sprint4.Task0.V4.Lib.csproj", "{64B5E6F0-E92F-42F3-B36C-1FBA7D22F946}"
EndProject
Project("{9A19103F-16F7-4668-BE54-9A1E7A4F7556}") = "Tyuiu.OvsepyanAA.Sprint4.Task0.V4.Test", "Tyuiu.OvsepyanAA.Sprint4.Task0.V4.Test\Tyuiu.OvsepyanAA.Sprint4.Task0.V4.Test.csproj", "{CB0B6BE2-29A7-4A72-822D-B0662BCDFB1D}"
EndProject
Project("{2150E333-8FDC-42A3-9474-1A3956D46DE8}") = "Task1", "Task1", "{79456CEA-63FA-43C4-B2A5-CE31760A851E}"
EndProject
Project("{9A19103F-16F7-4668-BE54-9A1E7A4F7556}") = "Tyuiu.OvsepyanAA.Sprint4.Task1.V1", "Tyuiu.OvsepyanAA.Sprint4.Task1.V1\Tyuiu.OvsepyanAA.Sprint4.Task1.V1.csproj", "{2AC88241-7095-41DA-97F4-33B74040D264}"
EndProject
Project("{9A19103F-16F7-4668-BE54-9A1E7A4F7556}") = "Tyuiu.OvsepyanAA.Sprint4.Task1.V1.Lib", "Tyuiu.OvsepyanAA.Sprint4.Task1.V1.Lib\Tyuiu.OvsepyanAA.Sprint4.Task1.V1.Lib.csproj", "{7184F253-78D7-49CC-8070-0FB06654B4A4}"
EndProject
Project("{9A19103F-16F7-4668-BE54-9A1E7A4F7556}") = "Tyuiu.OvsepyanAA.Sprint4.Task1.V1.Test", "Tyuiu.OvsepyanAA.Sprint4.Task1.V1.Test\Tyuiu.OvsepyanAA.Sprint4.Task1.V1.Test.csproj", "{E3FE549C-7DBF-4FFC-A5A8-D0D9791763B5}"
EndProject
Project("{FAE04EC0-301F-11D3-BF4B-00C04F79EFBC}") = "Tyuiu.OvsepyanAA.Sprint4.Task2.V12", "Tyuiu.OvsepyanAA.Sprint4.Task2.V12\Tyuiu.OvsepyanAA.Sprint4.Task2.V12.csproj", "{84417D5E-630D-44A8-8281-3B1D21C23120}"
EndProject
Project("{FAE04EC0-301F-11D3-BF4B-00C04F79EFBC}") = "Tyuiu.OvsepyanAA.Sprint4.Task2.V12.Lib", "Tyuiu.OvsepyanAA.Sprint4.Task2.V12.Lib\Tyuiu.OvsepyanAA.Sprint4.Task2.V12.Lib.csproj", "{656D0B9B-884B-42B6-BEBF-8AA80D992D6F}"
EndProject
Project("{FAE04EC0-301F-11D3-BF4B-00C04F79EFBC}") = "Tyuiu.OvsepyanAA.Sprint4.Task2.V12.Test", "Tyuiu.OvsepyanAA.Sprint4.Task2.V12.Test\Tyuiu.OvsepyanAA.Sprint4.Task2.V12.Test.csproj", "{BB4884AA-22B1-475D-85BA-DA45F6ED63FE}"
EndProject
Project("{FAE04EC0-301F-11D3-BF4B-00C04F79EFBC}") = "Tyuiu.OvsepyanAA.Sprint4.Task3.V26", "Tyuiu.OvsepyanAA.Sprint4.Task3.V26\Tyuiu.OvsepyanAA.Sprint4.Task3.V26.csproj", "{82F91A13-628A-4493-9240-7471A5637C1A}"
EndProject
Project("{FAE04EC0-301F-11D3-BF4B-00C04F79EFBC}") = "Tyuiu.OvsepyanAA.Sprint4.Task3.V26.Lib", "Tyuiu.OvsepyanAA.Sprint4.Task3.V26.Lib\Tyuiu.OvsepyanAA.Sprint4.Task3.V26.Lib.csproj", "{27E4E736-3504-4F2B-8411-5BA772AD2E04}"
EndProject
Project("{FAE04EC0-301F-11D3-BF4B-00C04F79EFBC}") = "Tyuiu.OvsepyanAA.Sprint4.Task3.V26.Test", "Tyuiu.OvsepyanAA.Sprint4.Task3.V26.Test\Tyuiu.OvsepyanAA.Sprint4.Task3.V26.Test.csproj", "{C3261E05-786A-460E-9FAB-D8E75D6AEA77}"
EndProject
Global
	GlobalSection(SolutionConfigurationPlatforms) = preSolution
		Debug|Any CPU = Debug|Any CPU
		Release|Any CPU = Release|Any CPU
	EndGlobalSection
	GlobalSection(ProjectConfigurationPlatforms) = postSolution
		{B2B21462-AD99-4E44-A867-3D989A9C5AB8}.Debug|Any CPU.ActiveCfg = Debug|Any CPU
		{B2B21462-AD99-4E44-A867-3D989A9C5AB8}.Debug|Any CPU.Build.0 = Debug|Any CPU
		{B2B21462-AD99-4E44-A867-3D989A9C5AB8}.Release|Any CPU.ActiveCfg = Release|Any CPU
		{B2B21462-AD99-4E44-A867-3D989A9C5AB8}.Release|Any CPU.Build.0 = Release|Any CPU
		{10CFC277-1F77-4617-9863-6547090C79BE}.Debug|Any CPU.ActiveCfg = Debug|Any CPU
		{10CFC277-1F77-4617-9863-6547090C79BE}.Debug|Any CPU.Build.0 = Debug|Any CPU
		{10CFC277-1F77-4617-9863-6547090C79BE}.Release|Any CPU.ActiveCfg = Release|Any CPU
		{10CFC277-1F77-4617-9863-6547090C79BE}.Release|Any CPU.Build.0 = Release|Any CPU
		{64B5E6F0-E92F-42F3-B36C-1FBA7D22F946}.Debug|Any CPU.ActiveCfg = Debug|Any CPU
		{64B5E6F0-E92F-42F3-B36C-1FBA7D22F946}.Debug|Any CPU.Build.0 = Debug|Any CPU
		{64B5E6F0-E92F-42F3-B36C-1FBA7D22F946}.Release|Any CPU.ActiveCfg = Release|Any CPU
		{64B5E6F0-E92F-42F3-B36C-1FBA7D22F946}.Release|Any CPU.Build.0 = Release|Any CPU
		{CB0B6BE2-29A7-4A72-822D-B0662BCDFB1D}.Debug|Any CPU.ActiveCfg = Debug|Any CPU
		{CB0B6BE2-29A7-4A72-822D-B0662BCDFB1D}.Debug|Any CPU.Build.0 = Debug|Any CPU
		{CB0B6BE2-29A7-4A72-822D-B0662BCDFB1D}.Release|Any CPU.ActiveCfg = Release|Any CPU
		{CB0B6BE2-29A7-4A72-822D-B0662BCDFB1D}.Release|Any CPU.Build.0 = Release|Any CPU
		{2AC88241-7095-41DA-97F4-33B74040D264}.Debug|Any CPU.ActiveCfg = Debug|Any CPU
		{2AC88241-7095-41DA-97F4-33B74040D264}.Debug|Any CPU.Build.0 = Debug|Any CPU
		{2AC88241-7095-41DA-97F4-33B74040D264}.Release|Any CPU.ActiveCfg = Release|Any CPU
		{2AC88241-7095-41DA-97F4-33B74040D264}.Release|Any CPU.Build.0 = Release|Any CPU
		{7184F253-78D7-49CC-8070-0FB06654B4A4}.Debug|Any CPU.ActiveCfg = Debug|Any CPU
		{7184F253-78D7-49CC-8070-0FB06654B4A4}.Debug|Any CPU.Build.0 = Debug|Any CPU
		{7184F253-78D7-49CC-8070-0FB06654B4A4}.Release|Any CPU.ActiveCfg = Release|Any CPU
		{7184F253-78D7-49CC-8070-0FB06654B4A4}.Release|Any CPU.Build.0 = Release|Any CPU
		{E3FE549C-7DBF-4FFC-A5A8-D0D9791763B5}.Debug|Any CPU.ActiveCfg = Debug|Any CPU
		{E3FE549C-7DBF-4FFC-A5A8-D0D9791763B5}.Debug|Any CPU.Build.0 = Debug|Any CPU
		{E3FE549C-7DBF-4FFC-A5A8-D0D9791763B5}.Release|Any CPU.ActiveCfg = Release|Any CPU
		{E3FE549C-7DBF-4FFC-A5A8-D0D9791763B5}.Release|Any CPU.Build.0 = Release|Any CPU
		{84417D5E-630D-44A8-8281-3B1D21C23120}.Debug|Any CPU.ActiveCfg = Debug|Any CPU
		{84417D5E-630D-44A8-8281-3B1D21C23120}.Debug|Any CPU.Build.0 = Debug|Any CPU
		{84417D5E-630D-44A8-8281-3B1D21C23120}.Release|Any CPU.ActiveCfg = Release|Any CPU
		{84417D5E-630D-44A8-8281-3B1D21C23120}.Release|Any CPU.Build.0 = Release|Any CPU
		{656D0B9B-884B-42B6-BEBF-8AA80D992D6F}.Debug|Any CPU.ActiveCfg = Debug|Any CPU
		{656D0B9B-884B-42B6-BEBF-8AA80D992D6F}.Debug|Any CPU.Build.0 = Debug|Any CPU
		{656D0B9B-884B-42B6-BEBF-8AA80D992D6F}.Release|Any CPU.ActiveCfg = Release|Any CPU
		{656D0B9B-884B-42B6-BEBF-8AA80D992D6F}.Release|Any CPU.Build.0 = Release|Any CPU
		{BB4884AA-22B1-475D-85BA-DA45F6ED63FE}.Debug|Any CPU.ActiveCfg = Debug|Any CPU
		{BB4884AA-22B1-475D-85BA-DA45F6ED63FE}.Debug|Any CPU.Build.0 = Debug|Any CPU
		{BB4884AA-22B1-475D-85BA-DA45F6ED63FE}.Release|Any CPU.ActiveCfg = Release|Any CPU
		{BB4884AA-22B1-475D-85BA-DA45F6ED63FE}.Release|Any CPU.Build.0 = Release|Any CPU
		{82F91A13-628A-4493-9240-7471A5637C1A}.Debug|Any CPU.ActiveCfg = Debug|Any CPU
		{82F91A13-628A-4493-9240-7471A5637C1A}.Debug|Any CPU.Build.0 = Debug|Any CPU
		{82F91A13-628A-4493-9240-7471A5637C1A}.Release|Any CPU.ActiveCfg = Release|Any CPU
		{82F91A13-628A-4493-9240-7471A5637C1A}.Release|Any CPU.Build.0 = Release|Any CPU
		{27E4E736-3504-4F2B-8411-5BA772AD2E04}.Debug|Any CPU.ActiveCfg = Debug|Any CPU
		{27E4E736-3504-4F2B-8411-5BA772AD2E04}.Debug|Any CPU.Build.0 = Debug|Any CPU
		{27E4E736-3504-4F2B-8411-5BA772AD2E04}.Release|Any CPU.ActiveCfg = Release|Any CPU
		{27E4E736-3504-4F2B-8411-5BA772AD2E04}.Release|Any CPU.Build.0 = Release|Any CPU
		{C3261E05-786A-460E-9FAB-D8E75D6AEA77}.Debug|Any CPU.ActiveCfg = Debug|Any CPU
		{C3261E05-786A-460E-9FAB-D8E75D6AEA77}.Debug|Any CPU.Build.0 = Debug|Any CPU
		{C3261E05-786A-460E-9FAB-D8E75D6AEA77}.Release|Any CPU.ActiveCfg = Release|Any CPU
		{C3261E05-786A-460E-9FAB-D8E75D6AEA77}.Release|Any CPU.Build.0 = Release|Any CPU
	EndGlobalSection
	GlobalSection(SolutionProperties) = preSolution
		HideSolutionNode = FALSE
	EndGlobalSection
	GlobalSection(NestedProjects) = preSolution
		{10CFC277-1F77-4617-9863-6547090C79BE} = {A8350E7D-FD44-4F2A-B3D2-18198CC96750}
		{64B5E6F0-E92F-42F3-B36C-1FBA7D22F946} = {A8350E7D-FD44-4F2A-B3D2-18198CC96750}
		{CB0B6BE2-29A7-4A72-822D-B0662BCDFB1D} = {A8350E7D-FD44-4F2A-B3D2-18198CC96750}
		{2AC88241-7095-41DA-97F4-33B74040D264} = {79456CEA-63FA-43C4-B2A5-CE31760A851E}
		{7184F253-78D7-49CC-8070-0FB06654B4A4} = {79456CEA-63FA-43C4-B2A5-CE31760A851E}
		{E3FE549C-7DBF-4FFC-A5A8-D0D9791763B5} = {79456CEA-63FA-43C4-B2A5-CE31760A851E}
		{84417D5E-630D-44A8-8281-3B1D21C23120} = {41367592-D976-45D4-BB1B-D8EE9F270051}
		{656D0B9B-884B-42B6-BEBF-8AA80D992D6F} = {41367592-D976-45D4-BB1B-D8EE9F270051}
		{BB4884AA-22B1-475D-85BA-DA45F6ED63FE} = {41367592-D976-45D4-BB1B-D8EE9F270051}
		{82F91A13-628A-4493-9240-7471A5637C1A} = {3F3823B7-4D66-401E-9A23-8AB507009AD6}
		{27E4E736-3504-4F2B-8411-5BA772AD2E04} = {3F3823B7-4D66-401E-9A23-8AB507009AD6}
		{C3261E05-786A-460E-9FAB-D8E75D6AEA77} = {3F3823B7-4D66-401E-9A23-8AB507009AD6}
	EndGlobalSection
	GlobalSection(ExtensibilityGlobals) = postSolution
		SolutionGuid = {C4E18781-F3CB-450A-B229-7A62779C2BC5}
	EndGlobalSection
EndGlobal
